
Microsoft Visual Studio Solution File, Format Version 12.00
# Visual Studio Version 17
VisualStudioVersion = 17.8.34511.84
MinimumVisualStudioVersion = 10.0.40219.1
Project("{FAE04EC0-301F-11D3-BF4B-00C04F79EFBC}") = "CauTrucCay", "CauTrucCay\CauTrucCay.csproj", "{1614BA81-1F93-4BB7-ACF2-C581BBCE6BCE}"
EndProject
Global
	GlobalSection(SolutionConfigurationPlatforms) = preSolution
		Debug|Any CPU = Debug|Any CPU
		Release|Any CPU = Release|Any CPU
	EndGlobalSection
	GlobalSection(ProjectConfigurationPlatforms) = postSolution
		{1614BA81-1F93-4BB7-ACF2-C581BBCE6BCE}.Debug|Any CPU.ActiveCfg = Debug|Any CPU
		{1614BA81-1F93-4BB7-ACF2-C581BBCE6BCE}.Debug|Any CPU.Build.0 = Debug|Any CPU
		{1614BA81-1F93-4BB7-ACF2-C581BBCE6BCE}.Release|Any CPU.ActiveCfg = Release|Any CPU
		{1614BA81-1F93-4BB7-ACF2-C581BBCE6BCE}.Release|Any CPU.Build.0 = Release|Any CPU
	EndGlobalSection
	GlobalSection(SolutionProperties) = preSolution
		HideSolutionNode = FALSE
	EndGlobalSection
	GlobalSection(ExtensibilityGlobals) = postSolution
		SolutionGuid = {B25CCA6B-FA5C-4939-B101-C9BFFB1A4856}
	EndGlobalSection
EndGlobal
